
Microsoft Visual Studio Solution File, Format Version 12.00
# Visual Studio Version 16
VisualStudioVersion = 16.0.29025.244
MinimumVisualStudioVersion = 10.0.40219.1
Project("{FAE04EC0-301F-11D3-BF4B-00C04F79EFBC}") = "Alumno DB", "Alumno DB\Alumno DB.csproj", "{A591D9A0-EF91-4DA6-8A43-CD48F5BF167F}"
EndProject
Global
	GlobalSection(SolutionConfigurationPlatforms) = preSolution
		Debug|Any CPU = Debug|Any CPU
		Release|Any CPU = Release|Any CPU
	EndGlobalSection
	GlobalSection(ProjectConfigurationPlatforms) = postSolution
		{A591D9A0-EF91-4DA6-8A43-CD48F5BF167F}.Debug|Any CPU.ActiveCfg = Debug|Any CPU
		{A591D9A0-EF91-4DA6-8A43-CD48F5BF167F}.Debug|Any CPU.Build.0 = Debug|Any CPU
		{A591D9A0-EF91-4DA6-8A43-CD48F5BF167F}.Release|Any CPU.ActiveCfg = Release|Any CPU
		{A591D9A0-EF91-4DA6-8A43-CD48F5BF167F}.Release|Any CPU.Build.0 = Release|Any CPU
	EndGlobalSection
	GlobalSection(SolutionProperties) = preSolution
		HideSolutionNode = FALSE
	EndGlobalSection
	GlobalSection(ExtensibilityGlobals) = postSolution
		SolutionGuid = {DA7DB7CE-56C0-4B4F-B602-DCEFBFD7293B}
	EndGlobalSection
EndGlobal
